{
  "name": "danieltoro-snippets",
  "version": "2.8.2",
  "lockfileVersion": 1,
  "requires": true,
  "dependencies": {
    "@types/node": {
      "version": "14.0.27",
      "resolved": "https://registry.npmjs.org/@types/node/-/node-14.0.27.tgz",
      "integrity": "sha512-kVrqXhbclHNHGu9ztnAwSncIgJv/FaxmzXJvGXNdcCpV1b8u1/Mi6z6m0vwy0LzKeXFTPLH0NzwmoJ3fNCIq0g==",
      "dev": true
    },
    "@types/vscode": {
      "version": "1.47.0",
      "resolved": "https://registry.npmjs.org/@types/vscode/-/vscode-1.47.0.tgz",
      "integrity": "sha512-nJA37ykkz9FYA0ZOQUSc3OZnhuzEW2vUhUEo4MiduUo82jGwwcLfyvmgd/Q7b0WrZAAceojGhZybg319L24bTA==",
      "dev": true
    },
    "typescript": {
      "version": "3.9.6",
      "resolved": "https://registry.npmjs.org/typescript/-/typescript-3.9.6.tgz",
      "integrity": "sha512-Pspx3oKAPJtjNwE92YS05HQoY7z2SFyOpHo9MqJor3BXAGNaPUs83CuVp9VISFkSjyRfiTpmKuAYGJB7S7hOxw==",
      "dev": true
    }
  }
}
