# THIS IS AN AUTOGENERATED FILE. DO NOT EDIT THIS FILE DIRECTLY.
# yarn lockfile v1


"@types/node@^14.0.14":
  version "14.0.27"
  resolved "https://registry.yarnpkg.com/@types/node/-/node-14.0.27.tgz#a151873af5a5e851b51b3b065c9e63390a9e0eb1"
  integrity sha512-kVrqXhbclHNHGu9ztnAwSncIgJv/FaxmzXJvGXNdcCpV1b8u1/Mi6z6m0vwy0LzKeXFTPLH0NzwmoJ3fNCIq0g==

"@types/vscode@^1.45.0":
  version "1.47.0"
  resolved "https://registry.yarnpkg.com/@types/vscode/-/vscode-1.47.0.tgz#4a4051c21ecaadcf383a2c4387bea282540e96de"
  integrity sha512-nJA37ykkz9FYA0ZOQUSc3OZnhuzEW2vUhUEo4MiduUo82jGwwcLfyvmgd/Q7b0WrZAAceojGhZybg319L24bTA==

typescript@3.9.6:
  version "3.9.6"
  resolved "https://registry.yarnpkg.com/typescript/-/typescript-3.9.6.tgz#8f3e0198a34c3ae17091b35571d3afd31999365a"
  integrity sha512-Pspx3oKAPJtjNwE92YS05HQoY7z2SFyOpHo9MqJor3BXAGNaPUs83CuVp9VISFkSjyRfiTpmKuAYGJB7S7hOxw==
